
Microsoft Visual Studio Solution File, Format Version 12.00
# Visual Studio 2013
VisualStudioVersion = 12.0.40629.0
MinimumVisualStudioVersion = 10.0.40219.1
Project("{8BC9CEB8-8B4A-11D0-8D11-00A0C91BC942}") = "CubeView", "CubeView.vcxproj", "{69B76ECF-2DE2-480E-AC88-48AF126ADED0}"
EndProject
Project("{8BC9CEB8-8B4A-11D0-8D11-00A0C91BC942}") = "arc", "arc.vcxproj", "{535F843E-F0F8-48E9-B2B0-CF7D4EA5DAC0}"
EndProject
Project("{8BC9CEB8-8B4A-11D0-8D11-00A0C91BC942}") = "ask", "ask.vcxproj", "{691DF9BC-67E8-435E-BEE9-9E68535C3C0F}"
EndProject
Project("{8BC9CEB8-8B4A-11D0-8D11-00A0C91BC942}") = "bitmap", "bitmap.vcxproj", "{4001EB29-FE2D-40F5-9A77-596B1290EA5B}"
EndProject
Project("{8BC9CEB8-8B4A-11D0-8D11-00A0C91BC942}") = "boxtype", "boxtype.vcxproj", "{86F2F417-81CA-4865-B01B-716F5CE6DCD0}"
EndProject
Project("{8BC9CEB8-8B4A-11D0-8D11-00A0C91BC942}") = "browser", "browser.vcxproj", "{64015811-3D49-4BC3-A13B-9D60F3679EB5}"
EndProject
Project("{8BC9CEB8-8B4A-11D0-8D11-00A0C91BC942}") = "button", "button.vcxproj", "{3298D22E-A3E2-4EA6-9640-2D5495DF8648}"
EndProject
Project("{8BC9CEB8-8B4A-11D0-8D11-00A0C91BC942}") = "buttons", "buttons.vcxproj", "{B20B7ACC-80ED-4D4B-8634-90F7AE87B3A2}"
EndProject
Project("{8BC9CEB8-8B4A-11D0-8D11-00A0C91BC942}") = "cairo_test", "cairo.vcxproj", "{979E0D22-64AD-4521-9EC8-4AAB9D6765FD}"
EndProject
Project("{8BC9CEB8-8B4A-11D0-8D11-00A0C91BC942}") = "checkers", "checkers.vcxproj", "{0E3444EE-097D-43B0-8CE4-4054DBE03162}"
EndProject
Project("{8BC9CEB8-8B4A-11D0-8D11-00A0C91BC942}") = "clock", "clock.vcxproj", "{69A4992B-9A5B-43D3-9BE5-E3EE2180D24C}"
EndProject
Project("{8BC9CEB8-8B4A-11D0-8D11-00A0C91BC942}") = "color_chooser", "color_chooser.vcxproj", "{00EF25B0-1CD9-4A7B-8E76-4450082B1ABB}"
EndProject
Project("{8BC9CEB8-8B4A-11D0-8D11-00A0C91BC942}") = "cursor", "cursor.vcxproj", "{1AA28ED7-8C7D-4217-B559-3FAB8627AD9C}"
EndProject
Project("{8BC9CEB8-8B4A-11D0-8D11-00A0C91BC942}") = "curve", "curve.vcxproj", "{AAE06272-D72C-422F-B1D1-6DF5F493C4F3}"
EndProject
Project("{8BC9CEB8-8B4A-11D0-8D11-00A0C91BC942}") = "demo", "demo.vcxproj", "{B25EE3A9-8C5A-4EA2-9E14-7961E6DDF3BF}"
EndProject
Project("{8BC9CEB8-8B4A-11D0-8D11-00A0C91BC942}") = "drawing", "drawing.vcxproj", "{2EFF1B95-5A47-4682-8E06-F7FB3D02B7D0}"
EndProject
Project("{8BC9CEB8-8B4A-11D0-8D11-00A0C91BC942}") = "editor", "editor.vcxproj", "{B027FF53-BB13-42A0-A288-D1CC64785A55}"
EndProject
Project("{8BC9CEB8-8B4A-11D0-8D11-00A0C91BC942}") = "file_chooser", "file_chooser.vcxproj", "{19D704A6-A02C-4686-9B2D-30018BC6BBCE}"
EndProject
Project("{8BC9CEB8-8B4A-11D0-8D11-00A0C91BC942}") = "fltk", "fltk.lib.vcxproj", "{867C8CC1-A125-4F31-B30C-79A6259D2ED0}"
EndProject
Project("{8BC9CEB8-8B4A-11D0-8D11-00A0C91BC942}") = "fltk_images", "fltk_images.lib.vcxproj", "{8FFED26B-618A-4574-96C0-FADECED98315}"
EndProject
Project("{8BC9CEB8-8B4A-11D0-8D11-00A0C91BC942}") = "fltk_opengl", "fltk_opengl.vcxproj", "{91C30180-EB6A-4F12-98D3-D73BFF723DD3}"
EndProject
Project("{8BC9CEB8-8B4A-11D0-8D11-00A0C91BC942}") = "fltkdll", "fltkdll.vcxproj", "{026FDD8E-4DC0-4B28-A2F3-E028DC5C5D1A}"
EndProject
Project("{8BC9CEB8-8B4A-11D0-8D11-00A0C91BC942}") = "fltkdll_images", "fltkdll_images.vcxproj", "{1735F997-0EE2-4758-A313-E57F5310C956}"
EndProject
Project("{8BC9CEB8-8B4A-11D0-8D11-00A0C91BC942}") = "fluid", "fluid.vcxproj", "{966C20F4-8231-4DA4-892E-E19D0AC33830}"
EndProject
Project("{8BC9CEB8-8B4A-11D0-8D11-00A0C91BC942}") = "fluid_wdll", "fluid_wdll.vcxproj", "{900F663F-4D3F-4F71-9C69-11EEFD6D4D47}"
EndProject
Project("{8BC9CEB8-8B4A-11D0-8D11-00A0C91BC942}") = "fonts", "fonts.vcxproj", "{3A8C1304-346A-4698-81F7-3DDC39FCBD7F}"
EndProject
Project("{8BC9CEB8-8B4A-11D0-8D11-00A0C91BC942}") = "fractals", "fractals.vcxproj", "{F2228341-BA64-4EDD-8C10-B84ECE981F4E}"
EndProject
Project("{8BC9CEB8-8B4A-11D0-8D11-00A0C91BC942}") = "glpuzzle", "glpuzzle.vcxproj", "{3E220B30-6869-4380-88E8-C4EF41964C7C}"
EndProject
Project("{8BC9CEB8-8B4A-11D0-8D11-00A0C91BC942}") = "hello", "hello.vcxproj", "{45C243E9-58BC-4D96-8CF2-DBDAC1BAB90C}"
EndProject
Project("{8BC9CEB8-8B4A-11D0-8D11-00A0C91BC942}") = "help", "help.vcxproj", "{EBB58818-3B1A-4C00-9149-E78A729CFED2}"
EndProject
Project("{8BC9CEB8-8B4A-11D0-8D11-00A0C91BC942}") = "image", "image.vcxproj", "{E7AD205A-8340-4422-94CA-24FD576F4D80}"
EndProject
Project("{8BC9CEB8-8B4A-11D0-8D11-00A0C91BC942}") = "inactive", "inactive.vcxproj", "{ADCA7B9C-6396-4A31-A473-6ED45A7B1288}"
EndProject
Project("{8BC9CEB8-8B4A-11D0-8D11-00A0C91BC942}") = "input", "input.vcxproj", "{EAFF684D-52CC-42CF-80D5-51ED4E600337}"
EndProject
Project("{8BC9CEB8-8B4A-11D0-8D11-00A0C91BC942}") = "keyboard", "keyboard.vcxproj", "{38A52543-B0C1-4264-86D8-55B6BE692F31}"
EndProject
Project("{8BC9CEB8-8B4A-11D0-8D11-00A0C91BC942}") = "label", "label.vcxproj", "{7CF45052-3A7E-4DC2-A530-75052452E2E9}"
EndProject
Project("{8BC9CEB8-8B4A-11D0-8D11-00A0C91BC942}") = "libjpeg", "libjpeg.vcxproj", "{CA9BF194-9777-4DCE-9048-01EE331AC5EC}"
EndProject
Project("{8BC9CEB8-8B4A-11D0-8D11-00A0C91BC942}") = "libpng", "libpng.vcxproj", "{E2DE015C-C463-43AB-A274-335294B400B9}"
EndProject
Project("{8BC9CEB8-8B4A-11D0-8D11-00A0C91BC942}") = "line_style", "line_style.vcxproj", "{367A69C0-FA87-4639-8E46-C1E82015E2FF}"
EndProject
Project("{8BC9CEB8-8B4A-11D0-8D11-00A0C91BC942}") = "mandelbrot", "mandelbrot.vcxproj", "{83B84B9D-B490-4DBC-8E3F-E44C77150BB6}"
EndProject
Project("{8BC9CEB8-8B4A-11D0-8D11-00A0C91BC942}") = "menubar", "menubar.vcxproj", "{4DEBA382-C76C-4A96-9B3C-53EBD6D807A3}"
EndProject
Project("{8BC9CEB8-8B4A-11D0-8D11-00A0C91BC942}") = "message", "message.vcxproj", "{14FC295F-A86D-4C5F-94FF-D36DDCA58892}"
EndProject
Project("{8BC9CEB8-8B4A-11D0-8D11-00A0C91BC942}") = "navigation", "navigation.vcxproj", "{915619E2-E1C3-46CB-97AA-FA120F41B2A7}"
EndProject
Project("{8BC9CEB8-8B4A-11D0-8D11-00A0C91BC942}") = "output", "output.vcxproj", "{4ACD868D-0AC3-44F7-9E2F-B85E32060CA9}"
EndProject
Project("{8BC9CEB8-8B4A-11D0-8D11-00A0C91BC942}") = "pack", "pack.vcxproj", "{3F8DC012-58A6-4DB5-80E0-E96DB67F76CE}"
EndProject
Project("{8BC9CEB8-8B4A-11D0-8D11-00A0C91BC942}") = "qubix", "qubix.vcxproj", "{F2AFE841-77AC-414B-9637-9AA9D1B4590E}"
EndProject
Project("{8BC9CEB8-8B4A-11D0-8D11-00A0C91BC942}") = "radio", "radio.vcxproj", "{86097F8C-82DD-439C-889A-BC4D9D57A0F3}"
EndProject
Project("{8BC9CEB8-8B4A-11D0-8D11-00A0C91BC942}") = "resize", "resize.vcxproj", "{AECE006A-E997-4D62-AD6C-C21362FB9724}"
EndProject
Project("{8BC9CEB8-8B4A-11D0-8D11-00A0C91BC942}") = "size_range", "size_range.vcxproj", "{ABEF9DCE-10D4-43DC-96CD-8347A758B604}"
EndProject
Project("{8BC9CEB8-8B4A-11D0-8D11-00A0C91BC942}") = "symbols", "symbols.vcxproj", "{86209C3E-FB1F-44EA-8056-ABE1F9FA9264}"
EndProject
Project("{8BC9CEB8-8B4A-11D0-8D11-00A0C91BC942}") = "tabs", "tabs.vcxproj", "{C9DA8A12-44AB-4E3F-99D7-4771FEC57C50}"
EndProject
Project("{8BC9CEB8-8B4A-11D0-8D11-00A0C91BC942}") = "tile", "tile.vcxproj", "{E9D1FCA3-67E0-4748-B44E-B99FFB813DBE}"
EndProject
Project("{8BC9CEB8-8B4A-11D0-8D11-00A0C91BC942}") = "valuators", "valuators.vcxproj", "{E941D5DB-8326-46DC-A661-14F3255C3668}"
EndProject
Project("{8BC9CEB8-8B4A-11D0-8D11-00A0C91BC942}") = "wizard", "wizard.vcxproj", "{9FD54CBE-CEAE-4DB4-80EA-1A54F0E7B0E8}"
EndProject
Project("{8BC9CEB8-8B4A-11D0-8D11-00A0C91BC942}") = "zlib", "zlib.vcxproj", "{320AD0A5-D85D-45E4-AB54-13A61A861731}"
EndProject
Global
	GlobalSection(SolutionConfigurationPlatforms) = preSolution
		Debug Cairo|Win32 = Debug Cairo|Win32
		Debug|Win32 = Debug|Win32
		Release MinSize|Win32 = Release MinSize|Win32
		Release|Win32 = Release|Win32
		Template|Win32 = Template|Win32
	EndGlobalSection
	GlobalSection(ProjectConfigurationPlatforms) = postSolution
		{69B76ECF-2DE2-480E-AC88-48AF126ADED0}.Debug Cairo|Win32.ActiveCfg = Debug|Win32
		{69B76ECF-2DE2-480E-AC88-48AF126ADED0}.Debug Cairo|Win32.Build.0 = Debug|Win32
		{69B76ECF-2DE2-480E-AC88-48AF126ADED0}.Debug|Win32.ActiveCfg = Debug|Win32
		{69B76ECF-2DE2-480E-AC88-48AF126ADED0}.Debug|Win32.Build.0 = Debug|Win32
		{69B76ECF-2DE2-480E-AC88-48AF126ADED0}.Release MinSize|Win32.ActiveCfg = Release MinSize|Win32
		{69B76ECF-2DE2-480E-AC88-48AF126ADED0}.Release MinSize|Win32.Build.0 = Release MinSize|Win32
		{69B76ECF-2DE2-480E-AC88-48AF126ADED0}.Release|Win32.ActiveCfg = Release|Win32
		{69B76ECF-2DE2-480E-AC88-48AF126ADED0}.Release|Win32.Build.0 = Release|Win32
		{69B76ECF-2DE2-480E-AC88-48AF126ADED0}.Template|Win32.ActiveCfg = Release MinSize|Win32
		{69B76ECF-2DE2-480E-AC88-48AF126ADED0}.Template|Win32.Build.0 = Release MinSize|Win32
		{535F843E-F0F8-48E9-B2B0-CF7D4EA5DAC0}.Debug Cairo|Win32.ActiveCfg = Debug Cairo|Win32
		{535F843E-F0F8-48E9-B2B0-CF7D4EA5DAC0}.Debug Cairo|Win32.Build.0 = Debug Cairo|Win32
		{535F843E-F0F8-48E9-B2B0-CF7D4EA5DAC0}.Debug|Win32.ActiveCfg = Debug|Win32
		{535F843E-F0F8-48E9-B2B0-CF7D4EA5DAC0}.Debug|Win32.Build.0 = Debug|Win32
		{535F843E-F0F8-48E9-B2B0-CF7D4EA5DAC0}.Release MinSize|Win32.ActiveCfg = Release MinSize|Win32
		{535F843E-F0F8-48E9-B2B0-CF7D4EA5DAC0}.Release MinSize|Win32.Build.0 = Release MinSize|Win32
		{535F843E-F0F8-48E9-B2B0-CF7D4EA5DAC0}.Release|Win32.ActiveCfg = Release|Win32
		{535F843E-F0F8-48E9-B2B0-CF7D4EA5DAC0}.Release|Win32.Build.0 = Release|Win32
		{535F843E-F0F8-48E9-B2B0-CF7D4EA5DAC0}.Template|Win32.ActiveCfg = Template|Win32
		{535F843E-F0F8-48E9-B2B0-CF7D4EA5DAC0}.Template|Win32.Build.0 = Template|Win32
		{691DF9BC-67E8-435E-BEE9-9E68535C3C0F}.Debug Cairo|Win32.ActiveCfg = Debug|Win32
		{691DF9BC-67E8-435E-BEE9-9E68535C3C0F}.Debug Cairo|Win32.Build.0 = Debug|Win32
		{691DF9BC-67E8-435E-BEE9-9E68535C3C0F}.Debug|Win32.ActiveCfg = Debug|Win32
		{691DF9BC-67E8-435E-BEE9-9E68535C3C0F}.Debug|Win32.Build.0 = Debug|Win32
		{691DF9BC-67E8-435E-BEE9-9E68535C3C0F}.Release MinSize|Win32.ActiveCfg = Release MinSize|Win32
		{691DF9BC-67E8-435E-BEE9-9E68535C3C0F}.Release MinSize|Win32.Build.0 = Release MinSize|Win32
		{691DF9BC-67E8-435E-BEE9-9E68535C3C0F}.Release|Win32.ActiveCfg = Release|Win32
		{691DF9BC-67E8-435E-BEE9-9E68535C3C0F}.Release|Win32.Build.0 = Release|Win32
		{691DF9BC-67E8-435E-BEE9-9E68535C3C0F}.Template|Win32.ActiveCfg = Template|Win32
		{691DF9BC-67E8-435E-BEE9-9E68535C3C0F}.Template|Win32.Build.0 = Template|Win32
		{4001EB29-FE2D-40F5-9A77-596B1290EA5B}.Debug Cairo|Win32.ActiveCfg = Debug|Win32
		{4001EB29-FE2D-40F5-9A77-596B1290EA5B}.Debug Cairo|Win32.Build.0 = Debug|Win32
		{4001EB29-FE2D-40F5-9A77-596B1290EA5B}.Debug|Win32.ActiveCfg = Debug|Win32
		{4001EB29-FE2D-40F5-9A77-596B1290EA5B}.Debug|Win32.Build.0 = Debug|Win32
		{4001EB29-FE2D-40F5-9A77-596B1290EA5B}.Release MinSize|Win32.ActiveCfg = Release MinSize|Win32
		{4001EB29-FE2D-40F5-9A77-596B1290EA5B}.Release MinSize|Win32.Build.0 = Release MinSize|Win32
		{4001EB29-FE2D-40F5-9A77-596B1290EA5B}.Release|Win32.ActiveCfg = Release|Win32
		{4001EB29-FE2D-40F5-9A77-596B1290EA5B}.Release|Win32.Build.0 = Release|Win32
		{4001EB29-FE2D-40F5-9A77-596B1290EA5B}.Template|Win32.ActiveCfg = Template|Win32
		{4001EB29-FE2D-40F5-9A77-596B1290EA5B}.Template|Win32.Build.0 = Template|Win32
		{86F2F417-81CA-4865-B01B-716F5CE6DCD0}.Debug Cairo|Win32.ActiveCfg = Debug|Win32
		{86F2F417-81CA-4865-B01B-716F5CE6DCD0}.Debug Cairo|Win32.Build.0 = Debug|Win32
		{86F2F417-81CA-4865-B01B-716F5CE6DCD0}.Debug|Win32.ActiveCfg = Debug|Win32
		{86F2F417-81CA-4865-B01B-716F5CE6DCD0}.Debug|Win32.Build.0 = Debug|Win32
		{86F2F417-81CA-4865-B01B-716F5CE6DCD0}.Release MinSize|Win32.ActiveCfg = Release MinSize|Win32
		{86F2F417-81CA-4865-B01B-716F5CE6DCD0}.Release MinSize|Win32.Build.0 = Release MinSize|Win32
		{86F2F417-81CA-4865-B01B-716F5CE6DCD0}.Release|Win32.ActiveCfg = Release|Win32
		{86F2F417-81CA-4865-B01B-716F5CE6DCD0}.Release|Win32.Build.0 = Release|Win32
		{86F2F417-81CA-4865-B01B-716F5CE6DCD0}.Template|Win32.ActiveCfg = Template|Win32
		{86F2F417-81CA-4865-B01B-716F5CE6DCD0}.Template|Win32.Build.0 = Template|Win32
		{64015811-3D49-4BC3-A13B-9D60F3679EB5}.Debug Cairo|Win32.ActiveCfg = Debug|Win32
		{64015811-3D49-4BC3-A13B-9D60F3679EB5}.Debug Cairo|Win32.Build.0 = Debug|Win32
		{64015811-3D49-4BC3-A13B-9D60F3679EB5}.Debug|Win32.ActiveCfg = Debug|Win32
		{64015811-3D49-4BC3-A13B-9D60F3679EB5}.Debug|Win32.Build.0 = Debug|Win32
		{64015811-3D49-4BC3-A13B-9D60F3679EB5}.Release MinSize|Win32.ActiveCfg = Release MinSize|Win32
		{64015811-3D49-4BC3-A13B-9D60F3679EB5}.Release MinSize|Win32.Build.0 = Release MinSize|Win32
		{64015811-3D49-4BC3-A13B-9D60F3679EB5}.Release|Win32.ActiveCfg = Release|Win32
		{64015811-3D49-4BC3-A13B-9D60F3679EB5}.Release|Win32.Build.0 = Release|Win32
		{64015811-3D49-4BC3-A13B-9D60F3679EB5}.Template|Win32.ActiveCfg = Template|Win32
		{64015811-3D49-4BC3-A13B-9D60F3679EB5}.Template|Win32.Build.0 = Template|Win32
		{3298D22E-A3E2-4EA6-9640-2D5495DF8648}.Debug Cairo|Win32.ActiveCfg = Debug|Win32
		{3298D22E-A3E2-4EA6-9640-2D5495DF8648}.Debug Cairo|Win32.Build.0 = Debug|Win32
		{3298D22E-A3E2-4EA6-9640-2D5495DF8648}.Debug|Win32.ActiveCfg = Debug|Win32
		{3298D22E-A3E2-4EA6-9640-2D5495DF8648}.Debug|Win32.Build.0 = Debug|Win32
		{3298D22E-A3E2-4EA6-9640-2D5495DF8648}.Release MinSize|Win32.ActiveCfg = Release MinSize|Win32
		{3298D22E-A3E2-4EA6-9640-2D5495DF8648}.Release MinSize|Win32.Build.0 = Release MinSize|Win32
		{3298D22E-A3E2-4EA6-9640-2D5495DF8648}.Release|Win32.ActiveCfg = Release|Win32
		{3298D22E-A3E2-4EA6-9640-2D5495DF8648}.Release|Win32.Build.0 = Release|Win32
		{3298D22E-A3E2-4EA6-9640-2D5495DF8648}.Template|Win32.ActiveCfg = Template|Win32
		{3298D22E-A3E2-4EA6-9640-2D5495DF8648}.Template|Win32.Build.0 = Template|Win32
		{B20B7ACC-80ED-4D4B-8634-90F7AE87B3A2}.Debug Cairo|Win32.ActiveCfg = Debug|Win32
		{B20B7ACC-80ED-4D4B-8634-90F7AE87B3A2}.Debug Cairo|Win32.Build.0 = Debug|Win32
		{B20B7ACC-80ED-4D4B-8634-90F7AE87B3A2}.Debug|Win32.ActiveCfg = Debug|Win32
		{B20B7ACC-80ED-4D4B-8634-90F7AE87B3A2}.Debug|Win32.Build.0 = Debug|Win32
		{B20B7ACC-80ED-4D4B-8634-90F7AE87B3A2}.Release MinSize|Win32.ActiveCfg = Release MinSize|Win32
		{B20B7ACC-80ED-4D4B-8634-90F7AE87B3A2}.Release MinSize|Win32.Build.0 = Release MinSize|Win32
		{B20B7ACC-80ED-4D4B-8634-90F7AE87B3A2}.Release|Win32.ActiveCfg = Release|Win32
		{B20B7ACC-80ED-4D4B-8634-90F7AE87B3A2}.Release|Win32.Build.0 = Release|Win32
		{B20B7ACC-80ED-4D4B-8634-90F7AE87B3A2}.Template|Win32.ActiveCfg = Template|Win32
		{B20B7ACC-80ED-4D4B-8634-90F7AE87B3A2}.Template|Win32.Build.0 = Template|Win32
		{979E0D22-64AD-4521-9EC8-4AAB9D6765FD}.Debug Cairo|Win32.ActiveCfg = Debug Cairo|Win32
		{979E0D22-64AD-4521-9EC8-4AAB9D6765FD}.Debug Cairo|Win32.Build.0 = Debug Cairo|Win32
		{979E0D22-64AD-4521-9EC8-4AAB9D6765FD}.Debug|Win32.ActiveCfg = Debug|Win32
		{979E0D22-64AD-4521-9EC8-4AAB9D6765FD}.Debug|Win32.Build.0 = Debug|Win32
		{979E0D22-64AD-4521-9EC8-4AAB9D6765FD}.Release MinSize|Win32.ActiveCfg = Release MinSize|Win32
		{979E0D22-64AD-4521-9EC8-4AAB9D6765FD}.Release MinSize|Win32.Build.0 = Release MinSize|Win32
		{979E0D22-64AD-4521-9EC8-4AAB9D6765FD}.Release|Win32.ActiveCfg = Release|Win32
		{979E0D22-64AD-4521-9EC8-4AAB9D6765FD}.Release|Win32.Build.0 = Release|Win32
		{979E0D22-64AD-4521-9EC8-4AAB9D6765FD}.Template|Win32.ActiveCfg = Template|Win32
		{979E0D22-64AD-4521-9EC8-4AAB9D6765FD}.Template|Win32.Build.0 = Template|Win32
		{0E3444EE-097D-43B0-8CE4-4054DBE03162}.Debug Cairo|Win32.ActiveCfg = Debug|Win32
		{0E3444EE-097D-43B0-8CE4-4054DBE03162}.Debug Cairo|Win32.Build.0 = Debug|Win32
		{0E3444EE-097D-43B0-8CE4-4054DBE03162}.Debug|Win32.ActiveCfg = Debug|Win32
		{0E3444EE-097D-43B0-8CE4-4054DBE03162}.Debug|Win32.Build.0 = Debug|Win32
		{0E3444EE-097D-43B0-8CE4-4054DBE03162}.Release MinSize|Win32.ActiveCfg = Release MinSize|Win32
		{0E3444EE-097D-43B0-8CE4-4054DBE03162}.Release MinSize|Win32.Build.0 = Release MinSize|Win32
		{0E3444EE-097D-43B0-8CE4-4054DBE03162}.Release|Win32.ActiveCfg = Release|Win32
		{0E3444EE-097D-43B0-8CE4-4054DBE03162}.Release|Win32.Build.0 = Release|Win32
		{0E3444EE-097D-43B0-8CE4-4054DBE03162}.Template|Win32.ActiveCfg = Template|Win32
		{0E3444EE-097D-43B0-8CE4-4054DBE03162}.Template|Win32.Build.0 = Template|Win32
		{69A4992B-9A5B-43D3-9BE5-E3EE2180D24C}.Debug Cairo|Win32.ActiveCfg = Debug|Win32
		{69A4992B-9A5B-43D3-9BE5-E3EE2180D24C}.Debug Cairo|Win32.Build.0 = Debug|Win32
		{69A4992B-9A5B-43D3-9BE5-E3EE2180D24C}.Debug|Win32.ActiveCfg = Debug|Win32
		{69A4992B-9A5B-43D3-9BE5-E3EE2180D24C}.Debug|Win32.Build.0 = Debug|Win32
		{69A4992B-9A5B-43D3-9BE5-E3EE2180D24C}.Release MinSize|Win32.ActiveCfg = Release MinSize|Win32
		{69A4992B-9A5B-43D3-9BE5-E3EE2180D24C}.Release MinSize|Win32.Build.0 = Release MinSize|Win32
		{69A4992B-9A5B-43D3-9BE5-E3EE2180D24C}.Release|Win32.ActiveCfg = Release|Win32
		{69A4992B-9A5B-43D3-9BE5-E3EE2180D24C}.Release|Win32.Build.0 = Release|Win32
		{69A4992B-9A5B-43D3-9BE5-E3EE2180D24C}.Template|Win32.ActiveCfg = Template|Win32
		{69A4992B-9A5B-43D3-9BE5-E3EE2180D24C}.Template|Win32.Build.0 = Template|Win32
		{00EF25B0-1CD9-4A7B-8E76-4450082B1ABB}.Debug Cairo|Win32.ActiveCfg = Debug|Win32
		{00EF25B0-1CD9-4A7B-8E76-4450082B1ABB}.Debug Cairo|Win32.Build.0 = Debug|Win32
		{00EF25B0-1CD9-4A7B-8E76-4450082B1ABB}.Debug|Win32.ActiveCfg = Debug|Win32
		{00EF25B0-1CD9-4A7B-8E76-4450082B1ABB}.Debug|Win32.Build.0 = Debug|Win32
		{00EF25B0-1CD9-4A7B-8E76-4450082B1ABB}.Release MinSize|Win32.ActiveCfg = Release MinSize|Win32
		{00EF25B0-1CD9-4A7B-8E76-4450082B1ABB}.Release MinSize|Win32.Build.0 = Release MinSize|Win32
		{00EF25B0-1CD9-4A7B-8E76-4450082B1ABB}.Release|Win32.ActiveCfg = Release|Win32
		{00EF25B0-1CD9-4A7B-8E76-4450082B1ABB}.Release|Win32.Build.0 = Release|Win32
		{00EF25B0-1CD9-4A7B-8E76-4450082B1ABB}.Template|Win32.ActiveCfg = Template|Win32
		{00EF25B0-1CD9-4A7B-8E76-4450082B1ABB}.Template|Win32.Build.0 = Template|Win32
		{1AA28ED7-8C7D-4217-B559-3FAB8627AD9C}.Debug Cairo|Win32.ActiveCfg = Debug|Win32
		{1AA28ED7-8C7D-4217-B559-3FAB8627AD9C}.Debug Cairo|Win32.Build.0 = Debug|Win32
		{1AA28ED7-8C7D-4217-B559-3FAB8627AD9C}.Debug|Win32.ActiveCfg = Debug|Win32
		{1AA28ED7-8C7D-4217-B559-3FAB8627AD9C}.Debug|Win32.Build.0 = Debug|Win32
		{1AA28ED7-8C7D-4217-B559-3FAB8627AD9C}.Release MinSize|Win32.ActiveCfg = Release MinSize|Win32
		{1AA28ED7-8C7D-4217-B559-3FAB8627AD9C}.Release MinSize|Win32.Build.0 = Release MinSize|Win32
		{1AA28ED7-8C7D-4217-B559-3FAB8627AD9C}.Release|Win32.ActiveCfg = Release|Win32
		{1AA28ED7-8C7D-4217-B559-3FAB8627AD9C}.Release|Win32.Build.0 = Release|Win32
		{1AA28ED7-8C7D-4217-B559-3FAB8627AD9C}.Template|Win32.ActiveCfg = Template|Win32
		{1AA28ED7-8C7D-4217-B559-3FAB8627AD9C}.Template|Win32.Build.0 = Template|Win32
		{AAE06272-D72C-422F-B1D1-6DF5F493C4F3}.Debug Cairo|Win32.ActiveCfg = Debug|Win32
		{AAE06272-D72C-422F-B1D1-6DF5F493C4F3}.Debug Cairo|Win32.Build.0 = Debug|Win32
		{AAE06272-D72C-422F-B1D1-6DF5F493C4F3}.Debug|Win32.ActiveCfg = Debug|Win32
		{AAE06272-D72C-422F-B1D1-6DF5F493C4F3}.Debug|Win32.Build.0 = Debug|Win32
		{AAE06272-D72C-422F-B1D1-6DF5F493C4F3}.Release MinSize|Win32.ActiveCfg = Release MinSize|Win32
		{AAE06272-D72C-422F-B1D1-6DF5F493C4F3}.Release MinSize|Win32.Build.0 = Release MinSize|Win32
		{AAE06272-D72C-422F-B1D1-6DF5F493C4F3}.Release|Win32.ActiveCfg = Release|Win32
		{AAE06272-D72C-422F-B1D1-6DF5F493C4F3}.Release|Win32.Build.0 = Release|Win32
		{AAE06272-D72C-422F-B1D1-6DF5F493C4F3}.Template|Win32.ActiveCfg = Template|Win32
		{AAE06272-D72C-422F-B1D1-6DF5F493C4F3}.Template|Win32.Build.0 = Template|Win32
		{B25EE3A9-8C5A-4EA2-9E14-7961E6DDF3BF}.Debug Cairo|Win32.ActiveCfg = Debug|Win32
		{B25EE3A9-8C5A-4EA2-9E14-7961E6DDF3BF}.Debug Cairo|Win32.Build.0 = Debug|Win32
		{B25EE3A9-8C5A-4EA2-9E14-7961E6DDF3BF}.Debug|Win32.ActiveCfg = Debug|Win32
		{B25EE3A9-8C5A-4EA2-9E14-7961E6DDF3BF}.Debug|Win32.Build.0 = Debug|Win32
		{B25EE3A9-8C5A-4EA2-9E14-7961E6DDF3BF}.Release MinSize|Win32.ActiveCfg = Release MinSize|Win32
		{B25EE3A9-8C5A-4EA2-9E14-7961E6DDF3BF}.Release MinSize|Win32.Build.0 = Release MinSize|Win32
		{B25EE3A9-8C5A-4EA2-9E14-7961E6DDF3BF}.Release|Win32.ActiveCfg = Release|Win32
		{B25EE3A9-8C5A-4EA2-9E14-7961E6DDF3BF}.Release|Win32.Build.0 = Release|Win32
		{B25EE3A9-8C5A-4EA2-9E14-7961E6DDF3BF}.Template|Win32.ActiveCfg = Template|Win32
		{B25EE3A9-8C5A-4EA2-9E14-7961E6DDF3BF}.Template|Win32.Build.0 = Template|Win32
		{2EFF1B95-5A47-4682-8E06-F7FB3D02B7D0}.Debug Cairo|Win32.ActiveCfg = Debug|Win32
		{2EFF1B95-5A47-4682-8E06-F7FB3D02B7D0}.Debug Cairo|Win32.Build.0 = Debug|Win32
		{2EFF1B95-5A47-4682-8E06-F7FB3D02B7D0}.Debug|Win32.ActiveCfg = Debug|Win32
		{2EFF1B95-5A47-4682-8E06-F7FB3D02B7D0}.Debug|Win32.Build.0 = Debug|Win32
		{2EFF1B95-5A47-4682-8E06-F7FB3D02B7D0}.Release MinSize|Win32.ActiveCfg = Release MinSize|Win32
		{2EFF1B95-5A47-4682-8E06-F7FB3D02B7D0}.Release MinSize|Win32.Build.0 = Release MinSize|Win32
		{2EFF1B95-5A47-4682-8E06-F7FB3D02B7D0}.Release|Win32.ActiveCfg = Release|Win32
		{2EFF1B95-5A47-4682-8E06-F7FB3D02B7D0}.Release|Win32.Build.0 = Release|Win32
		{2EFF1B95-5A47-4682-8E06-F7FB3D02B7D0}.Template|Win32.ActiveCfg = Template|Win32
		{2EFF1B95-5A47-4682-8E06-F7FB3D02B7D0}.Template|Win32.Build.0 = Template|Win32
		{B027FF53-BB13-42A0-A288-D1CC64785A55}.Debug Cairo|Win32.ActiveCfg = Debug|Win32
		{B027FF53-BB13-42A0-A288-D1CC64785A55}.Debug Cairo|Win32.Build.0 = Debug|Win32
		{B027FF53-BB13-42A0-A288-D1CC64785A55}.Debug|Win32.ActiveCfg = Debug|Win32
		{B027FF53-BB13-42A0-A288-D1CC64785A55}.Debug|Win32.Build.0 = Debug|Win32
		{B027FF53-BB13-42A0-A288-D1CC64785A55}.Release MinSize|Win32.ActiveCfg = Release MinSize|Win32
		{B027FF53-BB13-42A0-A288-D1CC64785A55}.Release MinSize|Win32.Build.0 = Release MinSize|Win32
		{B027FF53-BB13-42A0-A288-D1CC64785A55}.Release|Win32.ActiveCfg = Release|Win32
		{B027FF53-BB13-42A0-A288-D1CC64785A55}.Release|Win32.Build.0 = Release|Win32
		{B027FF53-BB13-42A0-A288-D1CC64785A55}.Template|Win32.ActiveCfg = Template|Win32
		{B027FF53-BB13-42A0-A288-D1CC64785A55}.Template|Win32.Build.0 = Template|Win32
		{19D704A6-A02C-4686-9B2D-30018BC6BBCE}.Debug Cairo|Win32.ActiveCfg = Debug|Win32
		{19D704A6-A02C-4686-9B2D-30018BC6BBCE}.Debug Cairo|Win32.Build.0 = Debug|Win32
		{19D704A6-A02C-4686-9B2D-30018BC6BBCE}.Debug|Win32.ActiveCfg = Debug|Win32
		{19D704A6-A02C-4686-9B2D-30018BC6BBCE}.Debug|Win32.Build.0 = Debug|Win32
		{19D704A6-A02C-4686-9B2D-30018BC6BBCE}.Release MinSize|Win32.ActiveCfg = Release MinSize|Win32
		{19D704A6-A02C-4686-9B2D-30018BC6BBCE}.Release MinSize|Win32.Build.0 = Release MinSize|Win32
		{19D704A6-A02C-4686-9B2D-30018BC6BBCE}.Release|Win32.ActiveCfg = Release|Win32
		{19D704A6-A02C-4686-9B2D-30018BC6BBCE}.Release|Win32.Build.0 = Release|Win32
		{19D704A6-A02C-4686-9B2D-30018BC6BBCE}.Template|Win32.ActiveCfg = Template|Win32
		{19D704A6-A02C-4686-9B2D-30018BC6BBCE}.Template|Win32.Build.0 = Template|Win32
		{867C8CC1-A125-4F31-B30C-79A6259D2ED0}.Debug Cairo|Win32.ActiveCfg = Debug Cairo|Win32
		{867C8CC1-A125-4F31-B30C-79A6259D2ED0}.Debug Cairo|Win32.Build.0 = Debug Cairo|Win32
		{867C8CC1-A125-4F31-B30C-79A6259D2ED0}.Debug|Win32.ActiveCfg = Debug|Win32
		{867C8CC1-A125-4F31-B30C-79A6259D2ED0}.Debug|Win32.Build.0 = Debug|Win32
		{867C8CC1-A125-4F31-B30C-79A6259D2ED0}.Release MinSize|Win32.ActiveCfg = Release MinSize|Win32
		{867C8CC1-A125-4F31-B30C-79A6259D2ED0}.Release MinSize|Win32.Build.0 = Release MinSize|Win32
		{867C8CC1-A125-4F31-B30C-79A6259D2ED0}.Release|Win32.ActiveCfg = Release|Win32
		{867C8CC1-A125-4F31-B30C-79A6259D2ED0}.Release|Win32.Build.0 = Release|Win32
		{867C8CC1-A125-4F31-B30C-79A6259D2ED0}.Template|Win32.ActiveCfg = Template|Win32
		{867C8CC1-A125-4F31-B30C-79A6259D2ED0}.Template|Win32.Build.0 = Template|Win32
		{8FFED26B-618A-4574-96C0-FADECED98315}.Debug Cairo|Win32.ActiveCfg = Debug Cairo|Win32
		{8FFED26B-618A-4574-96C0-FADECED98315}.Debug Cairo|Win32.Build.0 = Debug Cairo|Win32
		{8FFED26B-618A-4574-96C0-FADECED98315}.Debug|Win32.ActiveCfg = Debug|Win32
		{8FFED26B-618A-4574-96C0-FADECED98315}.Debug|Win32.Build.0 = Debug|Win32
		{8FFED26B-618A-4574-96C0-FADECED98315}.Release MinSize|Win32.ActiveCfg = Release MinSize|Win32
		{8FFED26B-618A-4574-96C0-FADECED98315}.Release MinSize|Win32.Build.0 = Release MinSize|Win32
		{8FFED26B-618A-4574-96C0-FADECED98315}.Release|Win32.ActiveCfg = Release|Win32
		{8FFED26B-618A-4574-96C0-FADECED98315}.Release|Win32.Build.0 = Release|Win32
		{8FFED26B-618A-4574-96C0-FADECED98315}.Template|Win32.ActiveCfg = Template|Win32
		{8FFED26B-618A-4574-96C0-FADECED98315}.Template|Win32.Build.0 = Template|Win32
		{91C30180-EB6A-4F12-98D3-D73BFF723DD3}.Debug Cairo|Win32.ActiveCfg = Debug|Win32
		{91C30180-EB6A-4F12-98D3-D73BFF723DD3}.Debug Cairo|Win32.Build.0 = Debug|Win32
		{91C30180-EB6A-4F12-98D3-D73BFF723DD3}.Debug|Win32.ActiveCfg = Debug|Win32
		{91C30180-EB6A-4F12-98D3-D73BFF723DD3}.Debug|Win32.Build.0 = Debug|Win32
		{91C30180-EB6A-4F12-98D3-D73BFF723DD3}.Release MinSize|Win32.ActiveCfg = Release MinSize|Win32
		{91C30180-EB6A-4F12-98D3-D73BFF723DD3}.Release MinSize|Win32.Build.0 = Release MinSize|Win32
		{91C30180-EB6A-4F12-98D3-D73BFF723DD3}.Release|Win32.ActiveCfg = Release|Win32
		{91C30180-EB6A-4F12-98D3-D73BFF723DD3}.Release|Win32.Build.0 = Release|Win32
		{91C30180-EB6A-4F12-98D3-D73BFF723DD3}.Template|Win32.ActiveCfg = Template|Win32
		{91C30180-EB6A-4F12-98D3-D73BFF723DD3}.Template|Win32.Build.0 = Template|Win32
		{026FDD8E-4DC0-4B28-A2F3-E028DC5C5D1A}.Debug Cairo|Win32.ActiveCfg = Debug|Win32
		{026FDD8E-4DC0-4B28-A2F3-E028DC5C5D1A}.Debug Cairo|Win32.Build.0 = Debug|Win32
		{026FDD8E-4DC0-4B28-A2F3-E028DC5C5D1A}.Debug|Win32.ActiveCfg = Debug|Win32
		{026FDD8E-4DC0-4B28-A2F3-E028DC5C5D1A}.Debug|Win32.Build.0 = Debug|Win32
		{026FDD8E-4DC0-4B28-A2F3-E028DC5C5D1A}.Release MinSize|Win32.ActiveCfg = Release MinSize|Win32
		{026FDD8E-4DC0-4B28-A2F3-E028DC5C5D1A}.Release MinSize|Win32.Build.0 = Release MinSize|Win32
		{026FDD8E-4DC0-4B28-A2F3-E028DC5C5D1A}.Release|Win32.ActiveCfg = Release|Win32
		{026FDD8E-4DC0-4B28-A2F3-E028DC5C5D1A}.Release|Win32.Build.0 = Release|Win32
		{026FDD8E-4DC0-4B28-A2F3-E028DC5C5D1A}.Template|Win32.ActiveCfg = Template|Win32
		{026FDD8E-4DC0-4B28-A2F3-E028DC5C5D1A}.Template|Win32.Build.0 = Template|Win32
		{1735F997-0EE2-4758-A313-E57F5310C956}.Debug Cairo|Win32.ActiveCfg = Debug|Win32
		{1735F997-0EE2-4758-A313-E57F5310C956}.Debug Cairo|Win32.Build.0 = Debug|Win32
		{1735F997-0EE2-4758-A313-E57F5310C956}.Debug|Win32.ActiveCfg = Debug|Win32
		{1735F997-0EE2-4758-A313-E57F5310C956}.Debug|Win32.Build.0 = Debug|Win32
		{1735F997-0EE2-4758-A313-E57F5310C956}.Release MinSize|Win32.ActiveCfg = Release MinSize|Win32
		{1735F997-0EE2-4758-A313-E57F5310C956}.Release MinSize|Win32.Build.0 = Release MinSize|Win32
		{1735F997-0EE2-4758-A313-E57F5310C956}.Release|Win32.ActiveCfg = Release|Win32
		{1735F997-0EE2-4758-A313-E57F5310C956}.Release|Win32.Build.0 = Release|Win32
		{1735F997-0EE2-4758-A313-E57F5310C956}.Template|Win32.ActiveCfg = Template|Win32
		{1735F997-0EE2-4758-A313-E57F5310C956}.Template|Win32.Build.0 = Template|Win32
		{966C20F4-8231-4DA4-892E-E19D0AC33830}.Debug Cairo|Win32.ActiveCfg = Debug Cairo|Win32
		{966C20F4-8231-4DA4-892E-E19D0AC33830}.Debug Cairo|Win32.Build.0 = Debug Cairo|Win32
		{966C20F4-8231-4DA4-892E-E19D0AC33830}.Debug|Win32.ActiveCfg = Debug|Win32
		{966C20F4-8231-4DA4-892E-E19D0AC33830}.Debug|Win32.Build.0 = Debug|Win32
		{966C20F4-8231-4DA4-892E-E19D0AC33830}.Release MinSize|Win32.ActiveCfg = Release MinSize|Win32
		{966C20F4-8231-4DA4-892E-E19D0AC33830}.Release MinSize|Win32.Build.0 = Release MinSize|Win32
		{966C20F4-8231-4DA4-892E-E19D0AC33830}.Release|Win32.ActiveCfg = Release|Win32
		{966C20F4-8231-4DA4-892E-E19D0AC33830}.Release|Win32.Build.0 = Release|Win32
		{966C20F4-8231-4DA4-892E-E19D0AC33830}.Template|Win32.ActiveCfg = Template|Win32
		{966C20F4-8231-4DA4-892E-E19D0AC33830}.Template|Win32.Build.0 = Template|Win32
		{900F663F-4D3F-4F71-9C69-11EEFD6D4D47}.Debug Cairo|Win32.ActiveCfg = Debug|Win32
		{900F663F-4D3F-4F71-9C69-11EEFD6D4D47}.Debug Cairo|Win32.Build.0 = Debug|Win32
		{900F663F-4D3F-4F71-9C69-11EEFD6D4D47}.Debug|Win32.ActiveCfg = Debug|Win32
		{900F663F-4D3F-4F71-9C69-11EEFD6D4D47}.Debug|Win32.Build.0 = Debug|Win32
		{900F663F-4D3F-4F71-9C69-11EEFD6D4D47}.Release MinSize|Win32.ActiveCfg = Release MinSize|Win32
		{900F663F-4D3F-4F71-9C69-11EEFD6D4D47}.Release MinSize|Win32.Build.0 = Release MinSize|Win32
		{900F663F-4D3F-4F71-9C69-11EEFD6D4D47}.Release|Win32.ActiveCfg = Release|Win32
		{900F663F-4D3F-4F71-9C69-11EEFD6D4D47}.Release|Win32.Build.0 = Release|Win32
		{900F663F-4D3F-4F71-9C69-11EEFD6D4D47}.Template|Win32.ActiveCfg = Template|Win32
		{900F663F-4D3F-4F71-9C69-11EEFD6D4D47}.Template|Win32.Build.0 = Template|Win32
		{3A8C1304-346A-4698-81F7-3DDC39FCBD7F}.Debug Cairo|Win32.ActiveCfg = Debug|Win32
		{3A8C1304-346A-4698-81F7-3DDC39FCBD7F}.Debug Cairo|Win32.Build.0 = Debug|Win32
		{3A8C1304-346A-4698-81F7-3DDC39FCBD7F}.Debug|Win32.ActiveCfg = Debug|Win32
		{3A8C1304-346A-4698-81F7-3DDC39FCBD7F}.Debug|Win32.Build.0 = Debug|Win32
		{3A8C1304-346A-4698-81F7-3DDC39FCBD7F}.Release MinSize|Win32.ActiveCfg = Release MinSize|Win32
		{3A8C1304-346A-4698-81F7-3DDC39FCBD7F}.Release MinSize|Win32.Build.0 = Release MinSize|Win32
		{3A8C1304-346A-4698-81F7-3DDC39FCBD7F}.Release|Win32.ActiveCfg = Release|Win32
		{3A8C1304-346A-4698-81F7-3DDC39FCBD7F}.Release|Win32.Build.0 = Release|Win32
		{3A8C1304-346A-4698-81F7-3DDC39FCBD7F}.Template|Win32.ActiveCfg = Template|Win32
		{3A8C1304-346A-4698-81F7-3DDC39FCBD7F}.Template|Win32.Build.0 = Template|Win32
		{F2228341-BA64-4EDD-8C10-B84ECE981F4E}.Debug Cairo|Win32.ActiveCfg = Debug|Win32
		{F2228341-BA64-4EDD-8C10-B84ECE981F4E}.Debug Cairo|Win32.Build.0 = Debug|Win32
		{F2228341-BA64-4EDD-8C10-B84ECE981F4E}.Debug|Win32.ActiveCfg = Debug|Win32
		{F2228341-BA64-4EDD-8C10-B84ECE981F4E}.Debug|Win32.Build.0 = Debug|Win32
		{F2228341-BA64-4EDD-8C10-B84ECE981F4E}.Release MinSize|Win32.ActiveCfg = Release MinSize|Win32
		{F2228341-BA64-4EDD-8C10-B84ECE981F4E}.Release MinSize|Win32.Build.0 = Release MinSize|Win32
		{F2228341-BA64-4EDD-8C10-B84ECE981F4E}.Release|Win32.ActiveCfg = Release|Win32
		{F2228341-BA64-4EDD-8C10-B84ECE981F4E}.Release|Win32.Build.0 = Release|Win32
		{F2228341-BA64-4EDD-8C10-B84ECE981F4E}.Template|Win32.ActiveCfg = Template|Win32
		{F2228341-BA64-4EDD-8C10-B84ECE981F4E}.Template|Win32.Build.0 = Template|Win32
		{3E220B30-6869-4380-88E8-C4EF41964C7C}.Debug Cairo|Win32.ActiveCfg = Debug|Win32
		{3E220B30-6869-4380-88E8-C4EF41964C7C}.Debug Cairo|Win32.Build.0 = Debug|Win32
		{3E220B30-6869-4380-88E8-C4EF41964C7C}.Debug|Win32.ActiveCfg = Debug|Win32
		{3E220B30-6869-4380-88E8-C4EF41964C7C}.Debug|Win32.Build.0 = Debug|Win32
		{3E220B30-6869-4380-88E8-C4EF41964C7C}.Release MinSize|Win32.ActiveCfg = Release MinSize|Win32
		{3E220B30-6869-4380-88E8-C4EF41964C7C}.Release MinSize|Win32.Build.0 = Release MinSize|Win32
		{3E220B30-6869-4380-88E8-C4EF41964C7C}.Release|Win32.ActiveCfg = Release|Win32
		{3E220B30-6869-4380-88E8-C4EF41964C7C}.Release|Win32.Build.0 = Release|Win32
		{3E220B30-6869-4380-88E8-C4EF41964C7C}.Template|Win32.ActiveCfg = Template|Win32
		{3E220B30-6869-4380-88E8-C4EF41964C7C}.Template|Win32.Build.0 = Template|Win32
		{45C243E9-58BC-4D96-8CF2-DBDAC1BAB90C}.Debug Cairo|Win32.ActiveCfg = Debug|Win32
		{45C243E9-58BC-4D96-8CF2-DBDAC1BAB90C}.Debug Cairo|Win32.Build.0 = Debug|Win32
		{45C243E9-58BC-4D96-8CF2-DBDAC1BAB90C}.Debug|Win32.ActiveCfg = Debug|Win32
		{45C243E9-58BC-4D96-8CF2-DBDAC1BAB90C}.Debug|Win32.Build.0 = Debug|Win32
		{45C243E9-58BC-4D96-8CF2-DBDAC1BAB90C}.Release MinSize|Win32.ActiveCfg = Release MinSize|Win32
		{45C243E9-58BC-4D96-8CF2-DBDAC1BAB90C}.Release MinSize|Win32.Build.0 = Release MinSize|Win32
		{45C243E9-58BC-4D96-8CF2-DBDAC1BAB90C}.Release|Win32.ActiveCfg = Release|Win32
		{45C243E9-58BC-4D96-8CF2-DBDAC1BAB90C}.Release|Win32.Build.0 = Release|Win32
		{45C243E9-58BC-4D96-8CF2-DBDAC1BAB90C}.Template|Win32.ActiveCfg = Template|Win32
		{45C243E9-58BC-4D96-8CF2-DBDAC1BAB90C}.Template|Win32.Build.0 = Template|Win32
		{EBB58818-3B1A-4C00-9149-E78A729CFED2}.Debug Cairo|Win32.ActiveCfg = Debug|Win32
		{EBB58818-3B1A-4C00-9149-E78A729CFED2}.Debug Cairo|Win32.Build.0 = Debug|Win32
		{EBB58818-3B1A-4C00-9149-E78A729CFED2}.Debug|Win32.ActiveCfg = Debug|Win32
		{EBB58818-3B1A-4C00-9149-E78A729CFED2}.Debug|Win32.Build.0 = Debug|Win32
		{EBB58818-3B1A-4C00-9149-E78A729CFED2}.Release MinSize|Win32.ActiveCfg = Release MinSize|Win32
		{EBB58818-3B1A-4C00-9149-E78A729CFED2}.Release MinSize|Win32.Build.0 = Release MinSize|Win32
		{EBB58818-3B1A-4C00-9149-E78A729CFED2}.Release|Win32.ActiveCfg = Release|Win32
		{EBB58818-3B1A-4C00-9149-E78A729CFED2}.Release|Win32.Build.0 = Release|Win32
		{EBB58818-3B1A-4C00-9149-E78A729CFED2}.Template|Win32.ActiveCfg = Template|Win32
		{EBB58818-3B1A-4C00-9149-E78A729CFED2}.Template|Win32.Build.0 = Template|Win32
		{E7AD205A-8340-4422-94CA-24FD576F4D80}.Debug Cairo|Win32.ActiveCfg = Debug|Win32
		{E7AD205A-8340-4422-94CA-24FD576F4D80}.Debug Cairo|Win32.Build.0 = Debug|Win32
		{E7AD205A-8340-4422-94CA-24FD576F4D80}.Debug|Win32.ActiveCfg = Debug|Win32
		{E7AD205A-8340-4422-94CA-24FD576F4D80}.Debug|Win32.Build.0 = Debug|Win32
		{E7AD205A-8340-4422-94CA-24FD576F4D80}.Release MinSize|Win32.ActiveCfg = Release MinSize|Win32
		{E7AD205A-8340-4422-94CA-24FD576F4D80}.Release MinSize|Win32.Build.0 = Release MinSize|Win32
		{E7AD205A-8340-4422-94CA-24FD576F4D80}.Release|Win32.ActiveCfg = Release|Win32
		{E7AD205A-8340-4422-94CA-24FD576F4D80}.Release|Win32.Build.0 = Release|Win32
		{E7AD205A-8340-4422-94CA-24FD576F4D80}.Template|Win32.ActiveCfg = Template|Win32
		{E7AD205A-8340-4422-94CA-24FD576F4D80}.Template|Win32.Build.0 = Template|Win32
		{ADCA7B9C-6396-4A31-A473-6ED45A7B1288}.Debug Cairo|Win32.ActiveCfg = Debug|Win32
		{ADCA7B9C-6396-4A31-A473-6ED45A7B1288}.Debug Cairo|Win32.Build.0 = Debug|Win32
		{ADCA7B9C-6396-4A31-A473-6ED45A7B1288}.Debug|Win32.ActiveCfg = Debug|Win32
		{ADCA7B9C-6396-4A31-A473-6ED45A7B1288}.Debug|Win32.Build.0 = Debug|Win32
		{ADCA7B9C-6396-4A31-A473-6ED45A7B1288}.Release MinSize|Win32.ActiveCfg = Release MinSize|Win32
		{ADCA7B9C-6396-4A31-A473-6ED45A7B1288}.Release MinSize|Win32.Build.0 = Release MinSize|Win32
		{ADCA7B9C-6396-4A31-A473-6ED45A7B1288}.Release|Win32.ActiveCfg = Release|Win32
		{ADCA7B9C-6396-4A31-A473-6ED45A7B1288}.Release|Win32.Build.0 = Release|Win32
		{ADCA7B9C-6396-4A31-A473-6ED45A7B1288}.Template|Win32.ActiveCfg = Template|Win32
		{ADCA7B9C-6396-4A31-A473-6ED45A7B1288}.Template|Win32.Build.0 = Template|Win32
		{EAFF684D-52CC-42CF-80D5-51ED4E600337}.Debug Cairo|Win32.ActiveCfg = Debug|Win32
		{EAFF684D-52CC-42CF-80D5-51ED4E600337}.Debug Cairo|Win32.Build.0 = Debug|Win32
		{EAFF684D-52CC-42CF-80D5-51ED4E600337}.Debug|Win32.ActiveCfg = Debug|Win32
		{EAFF684D-52CC-42CF-80D5-51ED4E600337}.Debug|Win32.Build.0 = Debug|Win32
		{EAFF684D-52CC-42CF-80D5-51ED4E600337}.Release MinSize|Win32.ActiveCfg = Release MinSize|Win32
		{EAFF684D-52CC-42CF-80D5-51ED4E600337}.Release MinSize|Win32.Build.0 = Release MinSize|Win32
		{EAFF684D-52CC-42CF-80D5-51ED4E600337}.Release|Win32.ActiveCfg = Release|Win32
		{EAFF684D-52CC-42CF-80D5-51ED4E600337}.Release|Win32.Build.0 = Release|Win32
		{EAFF684D-52CC-42CF-80D5-51ED4E600337}.Template|Win32.ActiveCfg = Template|Win32
		{EAFF684D-52CC-42CF-80D5-51ED4E600337}.Template|Win32.Build.0 = Template|Win32
		{38A52543-B0C1-4264-86D8-55B6BE692F31}.Debug Cairo|Win32.ActiveCfg = Debug|Win32
		{38A52543-B0C1-4264-86D8-55B6BE692F31}.Debug Cairo|Win32.Build.0 = Debug|Win32
		{38A52543-B0C1-4264-86D8-55B6BE692F31}.Debug|Win32.ActiveCfg = Debug|Win32
		{38A52543-B0C1-4264-86D8-55B6BE692F31}.Debug|Win32.Build.0 = Debug|Win32
		{38A52543-B0C1-4264-86D8-55B6BE692F31}.Release MinSize|Win32.ActiveCfg = Release MinSize|Win32
		{38A52543-B0C1-4264-86D8-55B6BE692F31}.Release MinSize|Win32.Build.0 = Release MinSize|Win32
		{38A52543-B0C1-4264-86D8-55B6BE692F31}.Release|Win32.ActiveCfg = Release|Win32
		{38A52543-B0C1-4264-86D8-55B6BE692F31}.Release|Win32.Build.0 = Release|Win32
		{38A52543-B0C1-4264-86D8-55B6BE692F31}.Template|Win32.ActiveCfg = Template|Win32
		{38A52543-B0C1-4264-86D8-55B6BE692F31}.Template|Win32.Build.0 = Template|Win32
		{7CF45052-3A7E-4DC2-A530-75052452E2E9}.Debug Cairo|Win32.ActiveCfg = Debug|Win32
		{7CF45052-3A7E-4DC2-A530-75052452E2E9}.Debug Cairo|Win32.Build.0 = Debug|Win32
		{7CF45052-3A7E-4DC2-A530-75052452E2E9}.Debug|Win32.ActiveCfg = Debug|Win32
		{7CF45052-3A7E-4DC2-A530-75052452E2E9}.Debug|Win32.Build.0 = Debug|Win32
		{7CF45052-3A7E-4DC2-A530-75052452E2E9}.Release MinSize|Win32.ActiveCfg = Release MinSize|Win32
		{7CF45052-3A7E-4DC2-A530-75052452E2E9}.Release MinSize|Win32.Build.0 = Release MinSize|Win32
		{7CF45052-3A7E-4DC2-A530-75052452E2E9}.Release|Win32.ActiveCfg = Release|Win32
		{7CF45052-3A7E-4DC2-A530-75052452E2E9}.Release|Win32.Build.0 = Release|Win32
		{7CF45052-3A7E-4DC2-A530-75052452E2E9}.Template|Win32.ActiveCfg = Template|Win32
		{7CF45052-3A7E-4DC2-A530-75052452E2E9}.Template|Win32.Build.0 = Template|Win32
		{CA9BF194-9777-4DCE-9048-01EE331AC5EC}.Debug Cairo|Win32.ActiveCfg = Debug|Win32
		{CA9BF194-9777-4DCE-9048-01EE331AC5EC}.Debug Cairo|Win32.Build.0 = Debug|Win32
		{CA9BF194-9777-4DCE-9048-01EE331AC5EC}.Debug|Win32.ActiveCfg = Debug|Win32
		{CA9BF194-9777-4DCE-9048-01EE331AC5EC}.Debug|Win32.Build.0 = Debug|Win32
		{CA9BF194-9777-4DCE-9048-01EE331AC5EC}.Release MinSize|Win32.ActiveCfg = Release MinSize|Win32
		{CA9BF194-9777-4DCE-9048-01EE331AC5EC}.Release MinSize|Win32.Build.0 = Release MinSize|Win32
		{CA9BF194-9777-4DCE-9048-01EE331AC5EC}.Release|Win32.ActiveCfg = Release|Win32
		{CA9BF194-9777-4DCE-9048-01EE331AC5EC}.Release|Win32.Build.0 = Release|Win32
		{CA9BF194-9777-4DCE-9048-01EE331AC5EC}.Template|Win32.ActiveCfg = Template|Win32
		{CA9BF194-9777-4DCE-9048-01EE331AC5EC}.Template|Win32.Build.0 = Template|Win32
		{E2DE015C-C463-43AB-A274-335294B400B9}.Debug Cairo|Win32.ActiveCfg = Debug|Win32
		{E2DE015C-C463-43AB-A274-335294B400B9}.Debug Cairo|Win32.Build.0 = Debug|Win32
		{E2DE015C-C463-43AB-A274-335294B400B9}.Debug|Win32.ActiveCfg = Debug|Win32
		{E2DE015C-C463-43AB-A274-335294B400B9}.Debug|Win32.Build.0 = Debug|Win32
		{E2DE015C-C463-43AB-A274-335294B400B9}.Release MinSize|Win32.ActiveCfg = Release MinSize|Win32
		{E2DE015C-C463-43AB-A274-335294B400B9}.Release MinSize|Win32.Build.0 = Release MinSize|Win32
		{E2DE015C-C463-43AB-A274-335294B400B9}.Release|Win32.ActiveCfg = Release|Win32
		{E2DE015C-C463-43AB-A274-335294B400B9}.Release|Win32.Build.0 = Release|Win32
		{E2DE015C-C463-43AB-A274-335294B400B9}.Template|Win32.ActiveCfg = Template|Win32
		{E2DE015C-C463-43AB-A274-335294B400B9}.Template|Win32.Build.0 = Template|Win32
		{367A69C0-FA87-4639-8E46-C1E82015E2FF}.Debug Cairo|Win32.ActiveCfg = Debug Cairo|Win32
		{367A69C0-FA87-4639-8E46-C1E82015E2FF}.Debug Cairo|Win32.Build.0 = Debug Cairo|Win32
		{367A69C0-FA87-4639-8E46-C1E82015E2FF}.Debug|Win32.ActiveCfg = Debug|Win32
		{367A69C0-FA87-4639-8E46-C1E82015E2FF}.Debug|Win32.Build.0 = Debug|Win32
		{367A69C0-FA87-4639-8E46-C1E82015E2FF}.Release MinSize|Win32.ActiveCfg = Release MinSize|Win32
		{367A69C0-FA87-4639-8E46-C1E82015E2FF}.Release MinSize|Win32.Build.0 = Release MinSize|Win32
		{367A69C0-FA87-4639-8E46-C1E82015E2FF}.Release|Win32.ActiveCfg = Release|Win32
		{367A69C0-FA87-4639-8E46-C1E82015E2FF}.Release|Win32.Build.0 = Release|Win32
		{367A69C0-FA87-4639-8E46-C1E82015E2FF}.Template|Win32.ActiveCfg = Template|Win32
		{367A69C0-FA87-4639-8E46-C1E82015E2FF}.Template|Win32.Build.0 = Template|Win32
		{83B84B9D-B490-4DBC-8E3F-E44C77150BB6}.Debug Cairo|Win32.ActiveCfg = Debug|Win32
		{83B84B9D-B490-4DBC-8E3F-E44C77150BB6}.Debug Cairo|Win32.Build.0 = Debug|Win32
		{83B84B9D-B490-4DBC-8E3F-E44C77150BB6}.Debug|Win32.ActiveCfg = Debug|Win32
		{83B84B9D-B490-4DBC-8E3F-E44C77150BB6}.Debug|Win32.Build.0 = Debug|Win32
		{83B84B9D-B490-4DBC-8E3F-E44C77150BB6}.Release MinSize|Win32.ActiveCfg = Release MinSize|Win32
		{83B84B9D-B490-4DBC-8E3F-E44C77150BB6}.Release MinSize|Win32.Build.0 = Release MinSize|Win32
		{83B84B9D-B490-4DBC-8E3F-E44C77150BB6}.Release|Win32.ActiveCfg = Release|Win32
		{83B84B9D-B490-4DBC-8E3F-E44C77150BB6}.Release|Win32.Build.0 = Release|Win32
		{83B84B9D-B490-4DBC-8E3F-E44C77150BB6}.Template|Win32.ActiveCfg = Template|Win32
		{83B84B9D-B490-4DBC-8E3F-E44C77150BB6}.Template|Win32.Build.0 = Template|Win32
		{4DEBA382-C76C-4A96-9B3C-53EBD6D807A3}.Debug Cairo|Win32.ActiveCfg = Debug|Win32
		{4DEBA382-C76C-4A96-9B3C-53EBD6D807A3}.Debug Cairo|Win32.Build.0 = Debug|Win32
		{4DEBA382-C76C-4A96-9B3C-53EBD6D807A3}.Debug|Win32.ActiveCfg = Debug|Win32
		{4DEBA382-C76C-4A96-9B3C-53EBD6D807A3}.Debug|Win32.Build.0 = Debug|Win32
		{4DEBA382-C76C-4A96-9B3C-53EBD6D807A3}.Release MinSize|Win32.ActiveCfg = Release MinSize|Win32
		{4DEBA382-C76C-4A96-9B3C-53EBD6D807A3}.Release MinSize|Win32.Build.0 = Release MinSize|Win32
		{4DEBA382-C76C-4A96-9B3C-53EBD6D807A3}.Release|Win32.ActiveCfg = Release|Win32
		{4DEBA382-C76C-4A96-9B3C-53EBD6D807A3}.Release|Win32.Build.0 = Release|Win32
		{4DEBA382-C76C-4A96-9B3C-53EBD6D807A3}.Template|Win32.ActiveCfg = Template|Win32
		{4DEBA382-C76C-4A96-9B3C-53EBD6D807A3}.Template|Win32.Build.0 = Template|Win32
		{14FC295F-A86D-4C5F-94FF-D36DDCA58892}.Debug Cairo|Win32.ActiveCfg = Debug|Win32
		{14FC295F-A86D-4C5F-94FF-D36DDCA58892}.Debug Cairo|Win32.Build.0 = Debug|Win32
		{14FC295F-A86D-4C5F-94FF-D36DDCA58892}.Debug|Win32.ActiveCfg = Debug|Win32
		{14FC295F-A86D-4C5F-94FF-D36DDCA58892}.Debug|Win32.Build.0 = Debug|Win32
		{14FC295F-A86D-4C5F-94FF-D36DDCA58892}.Release MinSize|Win32.ActiveCfg = Release MinSize|Win32
		{14FC295F-A86D-4C5F-94FF-D36DDCA58892}.Release MinSize|Win32.Build.0 = Release MinSize|Win32
		{14FC295F-A86D-4C5F-94FF-D36DDCA58892}.Release|Win32.ActiveCfg = Release|Win32
		{14FC295F-A86D-4C5F-94FF-D36DDCA58892}.Release|Win32.Build.0 = Release|Win32
		{14FC295F-A86D-4C5F-94FF-D36DDCA58892}.Template|Win32.ActiveCfg = Template|Win32
		{14FC295F-A86D-4C5F-94FF-D36DDCA58892}.Template|Win32.Build.0 = Template|Win32
		{915619E2-E1C3-46CB-97AA-FA120F41B2A7}.Debug Cairo|Win32.ActiveCfg = Debug|Win32
		{915619E2-E1C3-46CB-97AA-FA120F41B2A7}.Debug Cairo|Win32.Build.0 = Debug|Win32
		{915619E2-E1C3-46CB-97AA-FA120F41B2A7}.Debug|Win32.ActiveCfg = Debug|Win32
		{915619E2-E1C3-46CB-97AA-FA120F41B2A7}.Debug|Win32.Build.0 = Debug|Win32
		{915619E2-E1C3-46CB-97AA-FA120F41B2A7}.Release MinSize|Win32.ActiveCfg = Release MinSize|Win32
		{915619E2-E1C3-46CB-97AA-FA120F41B2A7}.Release MinSize|Win32.Build.0 = Release MinSize|Win32
		{915619E2-E1C3-46CB-97AA-FA120F41B2A7}.Release|Win32.ActiveCfg = Release|Win32
		{915619E2-E1C3-46CB-97AA-FA120F41B2A7}.Release|Win32.Build.0 = Release|Win32
		{915619E2-E1C3-46CB-97AA-FA120F41B2A7}.Template|Win32.ActiveCfg = Template|Win32
		{915619E2-E1C3-46CB-97AA-FA120F41B2A7}.Template|Win32.Build.0 = Template|Win32
		{4ACD868D-0AC3-44F7-9E2F-B85E32060CA9}.Debug Cairo|Win32.ActiveCfg = Debug|Win32
		{4ACD868D-0AC3-44F7-9E2F-B85E32060CA9}.Debug Cairo|Win32.Build.0 = Debug|Win32
		{4ACD868D-0AC3-44F7-9E2F-B85E32060CA9}.Debug|Win32.ActiveCfg = Debug|Win32
		{4ACD868D-0AC3-44F7-9E2F-B85E32060CA9}.Debug|Win32.Build.0 = Debug|Win32
		{4ACD868D-0AC3-44F7-9E2F-B85E32060CA9}.Release MinSize|Win32.ActiveCfg = Release MinSize|Win32
		{4ACD868D-0AC3-44F7-9E2F-B85E32060CA9}.Release MinSize|Win32.Build.0 = Release MinSize|Win32
		{4ACD868D-0AC3-44F7-9E2F-B85E32060CA9}.Release|Win32.ActiveCfg = Release|Win32
		{4ACD868D-0AC3-44F7-9E2F-B85E32060CA9}.Release|Win32.Build.0 = Release|Win32
		{4ACD868D-0AC3-44F7-9E2F-B85E32060CA9}.Template|Win32.ActiveCfg = Template|Win32
		{4ACD868D-0AC3-44F7-9E2F-B85E32060CA9}.Template|Win32.Build.0 = Template|Win32
		{3F8DC012-58A6-4DB5-80E0-E96DB67F76CE}.Debug Cairo|Win32.ActiveCfg = Debug|Win32
		{3F8DC012-58A6-4DB5-80E0-E96DB67F76CE}.Debug Cairo|Win32.Build.0 = Debug|Win32
		{3F8DC012-58A6-4DB5-80E0-E96DB67F76CE}.Debug|Win32.ActiveCfg = Debug|Win32
		{3F8DC012-58A6-4DB5-80E0-E96DB67F76CE}.Debug|Win32.Build.0 = Debug|Win32
		{3F8DC012-58A6-4DB5-80E0-E96DB67F76CE}.Release MinSize|Win32.ActiveCfg = Release MinSize|Win32
		{3F8DC012-58A6-4DB5-80E0-E96DB67F76CE}.Release MinSize|Win32.Build.0 = Release MinSize|Win32
		{3F8DC012-58A6-4DB5-80E0-E96DB67F76CE}.Release|Win32.ActiveCfg = Release|Win32
		{3F8DC012-58A6-4DB5-80E0-E96DB67F76CE}.Release|Win32.Build.0 = Release|Win32
		{3F8DC012-58A6-4DB5-80E0-E96DB67F76CE}.Template|Win32.ActiveCfg = Template|Win32
		{3F8DC012-58A6-4DB5-80E0-E96DB67F76CE}.Template|Win32.Build.0 = Template|Win32
		{F2AFE841-77AC-414B-9637-9AA9D1B4590E}.Debug Cairo|Win32.ActiveCfg = Debug|Win32
		{F2AFE841-77AC-414B-9637-9AA9D1B4590E}.Debug Cairo|Win32.Build.0 = Debug|Win32
		{F2AFE841-77AC-414B-9637-9AA9D1B4590E}.Debug|Win32.ActiveCfg = Debug|Win32
		{F2AFE841-77AC-414B-9637-9AA9D1B4590E}.Debug|Win32.Build.0 = Debug|Win32
		{F2AFE841-77AC-414B-9637-9AA9D1B4590E}.Release MinSize|Win32.ActiveCfg = Release MinSize|Win32
		{F2AFE841-77AC-414B-9637-9AA9D1B4590E}.Release MinSize|Win32.Build.0 = Release MinSize|Win32
		{F2AFE841-77AC-414B-9637-9AA9D1B4590E}.Release|Win32.ActiveCfg = Release|Win32
		{F2AFE841-77AC-414B-9637-9AA9D1B4590E}.Release|Win32.Build.0 = Release|Win32
		{F2AFE841-77AC-414B-9637-9AA9D1B4590E}.Template|Win32.ActiveCfg = Template|Win32
		{F2AFE841-77AC-414B-9637-9AA9D1B4590E}.Template|Win32.Build.0 = Template|Win32
		{86097F8C-82DD-439C-889A-BC4D9D57A0F3}.Debug Cairo|Win32.ActiveCfg = Debug|Win32
		{86097F8C-82DD-439C-889A-BC4D9D57A0F3}.Debug Cairo|Win32.Build.0 = Debug|Win32
		{86097F8C-82DD-439C-889A-BC4D9D57A0F3}.Debug|Win32.ActiveCfg = Debug|Win32
		{86097F8C-82DD-439C-889A-BC4D9D57A0F3}.Debug|Win32.Build.0 = Debug|Win32
		{86097F8C-82DD-439C-889A-BC4D9D57A0F3}.Release MinSize|Win32.ActiveCfg = Release MinSize|Win32
		{86097F8C-82DD-439C-889A-BC4D9D57A0F3}.Release MinSize|Win32.Build.0 = Release MinSize|Win32
		{86097F8C-82DD-439C-889A-BC4D9D57A0F3}.Release|Win32.ActiveCfg = Release|Win32
		{86097F8C-82DD-439C-889A-BC4D9D57A0F3}.Release|Win32.Build.0 = Release|Win32
		{86097F8C-82DD-439C-889A-BC4D9D57A0F3}.Template|Win32.ActiveCfg = Template|Win32
		{86097F8C-82DD-439C-889A-BC4D9D57A0F3}.Template|Win32.Build.0 = Template|Win32
		{AECE006A-E997-4D62-AD6C-C21362FB9724}.Debug Cairo|Win32.ActiveCfg = Debug|Win32
		{AECE006A-E997-4D62-AD6C-C21362FB9724}.Debug Cairo|Win32.Build.0 = Debug|Win32
		{AECE006A-E997-4D62-AD6C-C21362FB9724}.Debug|Win32.ActiveCfg = Debug|Win32
		{AECE006A-E997-4D62-AD6C-C21362FB9724}.Debug|Win32.Build.0 = Debug|Win32
		{AECE006A-E997-4D62-AD6C-C21362FB9724}.Release MinSize|Win32.ActiveCfg = Release MinSize|Win32
		{AECE006A-E997-4D62-AD6C-C21362FB9724}.Release MinSize|Win32.Build.0 = Release MinSize|Win32
		{AECE006A-E997-4D62-AD6C-C21362FB9724}.Release|Win32.ActiveCfg = Release|Win32
		{AECE006A-E997-4D62-AD6C-C21362FB9724}.Release|Win32.Build.0 = Release|Win32
		{AECE006A-E997-4D62-AD6C-C21362FB9724}.Template|Win32.ActiveCfg = Template|Win32
		{AECE006A-E997-4D62-AD6C-C21362FB9724}.Template|Win32.Build.0 = Template|Win32
		{ABEF9DCE-10D4-43DC-96CD-8347A758B604}.Debug Cairo|Win32.ActiveCfg = Debug|Win32
		{ABEF9DCE-10D4-43DC-96CD-8347A758B604}.Debug Cairo|Win32.Build.0 = Debug|Win32
		{ABEF9DCE-10D4-43DC-96CD-8347A758B604}.Debug|Win32.ActiveCfg = Debug|Win32
		{ABEF9DCE-10D4-43DC-96CD-8347A758B604}.Debug|Win32.Build.0 = Debug|Win32
		{ABEF9DCE-10D4-43DC-96CD-8347A758B604}.Release MinSize|Win32.ActiveCfg = Release MinSize|Win32
		{ABEF9DCE-10D4-43DC-96CD-8347A758B604}.Release MinSize|Win32.Build.0 = Release MinSize|Win32
		{ABEF9DCE-10D4-43DC-96CD-8347A758B604}.Release|Win32.ActiveCfg = Release|Win32
		{ABEF9DCE-10D4-43DC-96CD-8347A758B604}.Release|Win32.Build.0 = Release|Win32
		{ABEF9DCE-10D4-43DC-96CD-8347A758B604}.Template|Win32.ActiveCfg = Template|Win32
		{ABEF9DCE-10D4-43DC-96CD-8347A758B604}.Template|Win32.Build.0 = Template|Win32
		{86209C3E-FB1F-44EA-8056-ABE1F9FA9264}.Debug Cairo|Win32.ActiveCfg = Debug|Win32
		{86209C3E-FB1F-44EA-8056-ABE1F9FA9264}.Debug Cairo|Win32.Build.0 = Debug|Win32
		{86209C3E-FB1F-44EA-8056-ABE1F9FA9264}.Debug|Win32.ActiveCfg = Debug|Win32
		{86209C3E-FB1F-44EA-8056-ABE1F9FA9264}.Debug|Win32.Build.0 = Debug|Win32
		{86209C3E-FB1F-44EA-8056-ABE1F9FA9264}.Release MinSize|Win32.ActiveCfg = Release MinSize|Win32
		{86209C3E-FB1F-44EA-8056-ABE1F9FA9264}.Release MinSize|Win32.Build.0 = Release MinSize|Win32
		{86209C3E-FB1F-44EA-8056-ABE1F9FA9264}.Release|Win32.ActiveCfg = Release|Win32
		{86209C3E-FB1F-44EA-8056-ABE1F9FA9264}.Release|Win32.Build.0 = Release|Win32
		{86209C3E-FB1F-44EA-8056-ABE1F9FA9264}.Template|Win32.ActiveCfg = Template|Win32
		{86209C3E-FB1F-44EA-8056-ABE1F9FA9264}.Template|Win32.Build.0 = Template|Win32
		{C9DA8A12-44AB-4E3F-99D7-4771FEC57C50}.Debug Cairo|Win32.ActiveCfg = Debug|Win32
		{C9DA8A12-44AB-4E3F-99D7-4771FEC57C50}.Debug Cairo|Win32.Build.0 = Debug|Win32
		{C9DA8A12-44AB-4E3F-99D7-4771FEC57C50}.Debug|Win32.ActiveCfg = Debug|Win32
		{C9DA8A12-44AB-4E3F-99D7-4771FEC57C50}.Debug|Win32.Build.0 = Debug|Win32
		{C9DA8A12-44AB-4E3F-99D7-4771FEC57C50}.Release MinSize|Win32.ActiveCfg = Release MinSize|Win32
		{C9DA8A12-44AB-4E3F-99D7-4771FEC57C50}.Release MinSize|Win32.Build.0 = Release MinSize|Win32
		{C9DA8A12-44AB-4E3F-99D7-4771FEC57C50}.Release|Win32.ActiveCfg = Release|Win32
		{C9DA8A12-44AB-4E3F-99D7-4771FEC57C50}.Release|Win32.Build.0 = Release|Win32
		{C9DA8A12-44AB-4E3F-99D7-4771FEC57C50}.Template|Win32.ActiveCfg = Template|Win32
		{C9DA8A12-44AB-4E3F-99D7-4771FEC57C50}.Template|Win32.Build.0 = Template|Win32
		{E9D1FCA3-67E0-4748-B44E-B99FFB813DBE}.Debug Cairo|Win32.ActiveCfg = Debug|Win32
		{E9D1FCA3-67E0-4748-B44E-B99FFB813DBE}.Debug Cairo|Win32.Build.0 = Debug|Win32
		{E9D1FCA3-67E0-4748-B44E-B99FFB813DBE}.Debug|Win32.ActiveCfg = Debug|Win32
		{E9D1FCA3-67E0-4748-B44E-B99FFB813DBE}.Debug|Win32.Build.0 = Debug|Win32
		{E9D1FCA3-67E0-4748-B44E-B99FFB813DBE}.Release MinSize|Win32.ActiveCfg = Release MinSize|Win32
		{E9D1FCA3-67E0-4748-B44E-B99FFB813DBE}.Release MinSize|Win32.Build.0 = Release MinSize|Win32
		{E9D1FCA3-67E0-4748-B44E-B99FFB813DBE}.Release|Win32.ActiveCfg = Release|Win32
		{E9D1FCA3-67E0-4748-B44E-B99FFB813DBE}.Release|Win32.Build.0 = Release|Win32
		{E9D1FCA3-67E0-4748-B44E-B99FFB813DBE}.Template|Win32.ActiveCfg = Template|Win32
		{E9D1FCA3-67E0-4748-B44E-B99FFB813DBE}.Template|Win32.Build.0 = Template|Win32
		{E941D5DB-8326-46DC-A661-14F3255C3668}.Debug Cairo|Win32.ActiveCfg = Debug|Win32
		{E941D5DB-8326-46DC-A661-14F3255C3668}.Debug Cairo|Win32.Build.0 = Debug|Win32
		{E941D5DB-8326-46DC-A661-14F3255C3668}.Debug|Win32.ActiveCfg = Debug|Win32
		{E941D5DB-8326-46DC-A661-14F3255C3668}.Debug|Win32.Build.0 = Debug|Win32
		{E941D5DB-8326-46DC-A661-14F3255C3668}.Release MinSize|Win32.ActiveCfg = Release MinSize|Win32
		{E941D5DB-8326-46DC-A661-14F3255C3668}.Release MinSize|Win32.Build.0 = Release MinSize|Win32
		{E941D5DB-8326-46DC-A661-14F3255C3668}.Release|Win32.ActiveCfg = Release|Win32
		{E941D5DB-8326-46DC-A661-14F3255C3668}.Release|Win32.Build.0 = Release|Win32
		{E941D5DB-8326-46DC-A661-14F3255C3668}.Template|Win32.ActiveCfg = Template|Win32
		{E941D5DB-8326-46DC-A661-14F3255C3668}.Template|Win32.Build.0 = Template|Win32
		{9FD54CBE-CEAE-4DB4-80EA-1A54F0E7B0E8}.Debug Cairo|Win32.ActiveCfg = Debug|Win32
		{9FD54CBE-CEAE-4DB4-80EA-1A54F0E7B0E8}.Debug Cairo|Win32.Build.0 = Debug|Win32
		{9FD54CBE-CEAE-4DB4-80EA-1A54F0E7B0E8}.Debug|Win32.ActiveCfg = Debug|Win32
		{9FD54CBE-CEAE-4DB4-80EA-1A54F0E7B0E8}.Debug|Win32.Build.0 = Debug|Win32
		{9FD54CBE-CEAE-4DB4-80EA-1A54F0E7B0E8}.Release MinSize|Win32.ActiveCfg = Release MinSize|Win32
		{9FD54CBE-CEAE-4DB4-80EA-1A54F0E7B0E8}.Release MinSize|Win32.Build.0 = Release MinSize|Win32
		{9FD54CBE-CEAE-4DB4-80EA-1A54F0E7B0E8}.Release|Win32.ActiveCfg = Release|Win32
		{9FD54CBE-CEAE-4DB4-80EA-1A54F0E7B0E8}.Release|Win32.Build.0 = Release|Win32
		{9FD54CBE-CEAE-4DB4-80EA-1A54F0E7B0E8}.Template|Win32.ActiveCfg = Template|Win32
		{9FD54CBE-CEAE-4DB4-80EA-1A54F0E7B0E8}.Template|Win32.Build.0 = Template|Win32
		{320AD0A5-D85D-45E4-AB54-13A61A861731}.Debug Cairo|Win32.ActiveCfg = Debug|Win32
		{320AD0A5-D85D-45E4-AB54-13A61A861731}.Debug Cairo|Win32.Build.0 = Debug|Win32
		{320AD0A5-D85D-45E4-AB54-13A61A861731}.Debug|Win32.ActiveCfg = Debug|Win32
		{320AD0A5-D85D-45E4-AB54-13A61A861731}.Debug|Win32.Build.0 = Debug|Win32
		{320AD0A5-D85D-45E4-AB54-13A61A861731}.Release MinSize|Win32.ActiveCfg = Release MinSize|Win32
		{320AD0A5-D85D-45E4-AB54-13A61A861731}.Release MinSize|Win32.Build.0 = Release MinSize|Win32
		{320AD0A5-D85D-45E4-AB54-13A61A861731}.Release|Win32.ActiveCfg = Release|Win32
		{320AD0A5-D85D-45E4-AB54-13A61A861731}.Release|Win32.Build.0 = Release|Win32
		{320AD0A5-D85D-45E4-AB54-13A61A861731}.Template|Win32.ActiveCfg = Template|Win32
		{320AD0A5-D85D-45E4-AB54-13A61A861731}.Template|Win32.Build.0 = Template|Win32
	EndGlobalSection
	GlobalSection(SolutionProperties) = preSolution
		HideSolutionNode = FALSE
	EndGlobalSection
EndGlobal
